
Microsoft Visual Studio Solution File, Format Version 12.00
# Visual Studio Version 16
VisualStudioVersion = 16.0.31624.102
MinimumVisualStudioVersion = 10.0.40219.1
Project("{FAE04EC0-301F-11D3-BF4B-00C04F79EFBC}") = "HelloWorld2", "HelloWorld2\HelloWorld2.csproj", "{2665EC38-4926-4CF9-896B-341317FABEFA}"
EndProject
Global
	GlobalSection(SolutionConfigurationPlatforms) = preSolution
		Debug|Any CPU = Debug|Any CPU
		Release|Any CPU = Release|Any CPU
	EndGlobalSection
	GlobalSection(ProjectConfigurationPlatforms) = postSolution
		{2665EC38-4926-4CF9-896B-341317FABEFA}.Debug|Any CPU.ActiveCfg = Debug|Any CPU
		{2665EC38-4926-4CF9-896B-341317FABEFA}.Debug|Any CPU.Build.0 = Debug|Any CPU
		{2665EC38-4926-4CF9-896B-341317FABEFA}.Release|Any CPU.ActiveCfg = Release|Any CPU
		{2665EC38-4926-4CF9-896B-341317FABEFA}.Release|Any CPU.Build.0 = Release|Any CPU
	EndGlobalSection
	GlobalSection(SolutionProperties) = preSolution
		HideSolutionNode = FALSE
	EndGlobalSection
	GlobalSection(ExtensibilityGlobals) = postSolution
		SolutionGuid = {68050248-F010-4F0E-9138-1038A0D8ECE2}
	EndGlobalSection
EndGlobal
